<?xml version="1.0" encoding="utf-8"?>
<Project ToolsVersion="4.0" xmlns="http://schemas.microsoft.com/developer/msbuild/2003">
  <ItemGroup>
    <Filter Include="Source Files">
      <UniqueIdentifier>{4FC737F1-C7A5-4376-A066-2A32D752A2FF}</UniqueIdentifier>
      <Extensions>cpp;c;cc;cxx;c++;cppm;ixx;def;odl;idl;hpj;bat;asm;asmx</Extensions>
    </Filter>
    <Filter Include="Header Files">
      <UniqueIdentifier>{93995380-89BD-4b04-88EB-625FBE52EBFB}</UniqueIdentifier>
      <Extensions>h;hh;hpp;hxx;h++;hm;inl;inc;ipp;xsd</Extensions>
    </Filter>
    <Filter Include="Resource Files">
      <UniqueIdentifier>{67DA6AB6-F800-4c08-8B7A-83BB121AAD01}</UniqueIdentifier>
      <Extensions>rc;ico;cur;bmp;dlg;rc2;rct;bin;rgs;gif;jpg;jpeg;jpe;resx;tiff;tif;png;wav;mfcribbon-ms</Extensions>
    </Filter>
  </ItemGroup>
  <ItemGroup>
    <ClCompile Include="main.cpp">
      <Filter>Source Files</Filter>
    </ClCompile>
    <ClCompile Include="Game.cpp">
      <Filter>Source Files</Filter>
    </ClCompile>
    <ClCompile Include="Actor.cpp">
      <Filter>Source Files</Filter>
    </ClCompile>
    <ClCompile Include="TextureManager.cpp">
      <Filter>Source Files</Filter>
    </ClCompile>
    <ClCompile Include="Snake.cpp">
      <Filter>Source Files</Filter>
    </ClCompile>
    <ClCompile Include="SnakeBody.cpp">
      <Filter>Source Files</Filter>
    </ClCompile>
    <ClCompile Include="Controller.cpp">
      <Filter>Source Files</Filter>
    </ClCompile>
    <ClCompile Include="Vector2D.cpp">
      <Filter>Source Files</Filter>
    </ClCompile>
    <ClCompile Include="SnakeFood.cpp">
      <Filter>Source Files</Filter>
    </ClCompile>
    <ClCompile Include="FoodManager.cpp">
      <Filter>Source Files</Filter>
    </ClCompile>
    <ClCompile Include="Collision.cpp">
      <Filter>Source Files</Filter>
    </ClCompile>
    <ClCompile Include="WorldMap.cpp">
      <Filter>Source Files</Filter>
    </ClCompile>
    <ClCompile Include="Tile.cpp">
      <Filter>Source Files</Filter>
    </ClCompile>
    <ClCompile Include="TextObject.cpp">
      <Filter>Source Files</Filter>
    </ClCompile>
    <ClCompile Include="GamePauseMenu.cpp">
      <Filter>Source Files</Filter>
    </ClCompile>
    <ClCompile Include="MainMenuPage.cpp">
      <Filter>Source Files</Filter>
    </ClCompile>
    <ClCompile Include="GlobalData.cpp">
      <Filter>Source Files</Filter>
    </ClCompile>
    <ClCompile Include="GameOverPage.cpp">
      <Filter>Source Files</Filter>
    </ClCompile>
    <ClCompile Include="BonusFood.cpp">
      <Filter>Source Files</Filter>
    </ClCompile>
    <ClCompile Include="GameSettingsPage.cpp">
      <Filter>Source Files</Filter>
    </ClCompile>
    <ClCompile Include="CollisionBox.cpp">
      <Filter>Source Files</Filter>
    </ClCompile>
    <ClCompile Include="DataProvider.cpp">
      <Filter>Source Files</Filter>
    </ClCompile>
    <ClCompile Include="HighscorePage.cpp">
      <Filter>Source Files</Filter>
    </ClCompile>
    <ClCompile Include="SelectMapPage.cpp">
      <Filter>Source Files</Filter>
    </ClCompile>
    <ClCompile Include="DifficultyPage.cpp">
      <Filter>Source Files</Filter>
    </ClCompile>
    <ClCompile Include="Page.cpp">
      <Filter>Source Files</Filter>
    </ClCompile>
  </ItemGroup>
  <ItemGroup>
    <ClInclude Include="Game.h">
      <Filter>Header Files</Filter>
    </ClInclude>
    <ClInclude Include="Actor.h">
      <Filter>Header Files</Filter>
    </ClInclude>
    <ClInclude Include="TextureManager.h">
      <Filter>Header Files</Filter>
    </ClInclude>
    <ClInclude Include="Snake.h">
      <Filter>Header Files</Filter>
    </ClInclude>
    <ClInclude Include="SnakeBody.h">
      <Filter>Header Files</Filter>
    </ClInclude>
    <ClInclude Include="Controller.h">
      <Filter>Header Files</Filter>
    </ClInclude>
    <ClInclude Include="Vector2D.h">
      <Filter>Header Files</Filter>
    </ClInclude>
    <ClInclude Include="SnakeFood.h">
      <Filter>Header Files</Filter>
    </ClInclude>
    <ClInclude Include="FoodManager.h">
      <Filter>Header Files</Filter>
    </ClInclude>
    <ClInclude Include="Collision.h">
      <Filter>Header Files</Filter>
    </ClInclude>
    <ClInclude Include="WorldMap.h">
      <Filter>Header Files</Filter>
    </ClInclude>
    <ClInclude Include="Tile.h">
      <Filter>Header Files</Filter>
    </ClInclude>
    <ClInclude Include="TextObject.h">
      <Filter>Header Files</Filter>
    </ClInclude>
    <ClInclude Include="GamePauseMenu.h">
      <Filter>Header Files</Filter>
    </ClInclude>
    <ClInclude Include="MainMenuPage.h">
      <Filter>Header Files</Filter>
    </ClInclude>
    <ClInclude Include="GlobalData.h">
      <Filter>Header Files</Filter>
    </ClInclude>
    <ClInclude Include="GameOverPage.h">
      <Filter>Header Files</Filter>
    </ClInclude>
    <ClInclude Include="BonusFood.h">
      <Filter>Header Files</Filter>
    </ClInclude>
    <ClInclude Include="DataProvider.h">
      <Filter>Header Files</Filter>
    </ClInclude>
    <ClInclude Include="GameSettingsPage.h">
      <Filter>Header Files</Filter>
    </ClInclude>
    <ClInclude Include="CollisionBox.h">
      <Filter>Header Files</Filter>
    </ClInclude>
    <ClInclude Include="HighscorePage.h">
      <Filter>Header Files</Filter>
    </ClInclude>
    <ClInclude Include="SelectMapPage.h">
      <Filter>Header Files</Filter>
    </ClInclude>
    <ClInclude Include="DifficultyPage.h">
      <Filter>Header Files</Filter>
    </ClInclude>
    <ClInclude Include="Page.h">
      <Filter>Header Files</Filter>
    </ClInclude>
  </ItemGroup>
</Project>